speakeasyVersion: 1.605.0
sources:
    HathoraCloud-OAS:
        sourceNamespace: my-source
        sourceRevisionDigest: sha256:5e4e0aa0cd2a5fefcb1823ebeb9b71c71054b416b4e8f41ff37fba09b7b87bd6
        sourceBlobDigest: sha256:ea3a8b68869fbc1c7cb02fe3a71eeb6b4247f09e4ba2e86b1d187cd3b21b1ed0
        tags:
            - latest
            - 0.0.1
    my-source:
        sourceNamespace: my-source
        sourceRevisionDigest: sha256:2a97ad058f077073b78d803fab493dfc1d87984cb3ca7999ffec6cc8ae68f701
        sourceBlobDigest: sha256:d6d50d0c19a397be88ec86a9771f02bacb71f55eb5d6c631efc44629b191191d
        tags:
            - latest
            - speakeasy-sdk-regen-1755389025
targets:
    hathora-cloud:
        source: my-source
        sourceNamespace: my-source
        sourceRevisionDigest: sha256:2a97ad058f077073b78d803fab493dfc1d87984cb3ca7999ffec6cc8ae68f701
        sourceBlobDigest: sha256:d6d50d0c19a397be88ec86a9771f02bacb71f55eb5d6c631efc44629b191191d
        codeSamplesNamespace: my-source-go-code-samples
        codeSamplesRevisionDigest: sha256:a20b2e249de863c5d4858ad5d0ef27e3b74c8247d4a82a9189c381cb00056856
workflow:
    workflowVersion: 1.0.0
    speakeasyVersion: latest
    sources:
        my-source:
            inputs:
                - location: registry.speakeasyapi.dev/hathora/hathora/my-source:main
            registry:
                location: registry.speakeasyapi.dev/hathora/hathora/my-source
    targets:
        hathora-cloud:
            target: go
            source: my-source
            output: hathoracloud
            codeSamples:
                registry:
                    location: registry.speakeasyapi.dev/hathora/hathora/my-source-go-code-samples
