speakeasyVersion: 1.621.1
sources:
    HathoraCloud-OAS:
        sourceNamespace: my-source
        sourceRevisionDigest: sha256:5e4e0aa0cd2a5fefcb1823ebeb9b71c71054b416b4e8f41ff37fba09b7b87bd6
        sourceBlobDigest: sha256:ea3a8b68869fbc1c7cb02fe3a71eeb6b4247f09e4ba2e86b1d187cd3b21b1ed0
        tags:
            - latest
            - 0.0.1
    my-source:
        sourceNamespace: my-source
        sourceRevisionDigest: sha256:56fce31cb154f89e5cff11dea6516fcef96b78195a32beb393392e01d4cba108
        sourceBlobDigest: sha256:7ccbb71e14160f9376336ab8d57fc01677094dba68e545c01031994bb07d3eb9
        tags:
            - latest
            - speakeasy-sdk-regen-1758413009
targets:
    hathora-cloud:
        source: my-source
        sourceNamespace: my-source
        sourceRevisionDigest: sha256:56fce31cb154f89e5cff11dea6516fcef96b78195a32beb393392e01d4cba108
        sourceBlobDigest: sha256:7ccbb71e14160f9376336ab8d57fc01677094dba68e545c01031994bb07d3eb9
        codeSamplesNamespace: my-source-go-code-samples
        codeSamplesRevisionDigest: sha256:77fee5185909601a4916f824a889a4be8a9508697fd8fb5830ff8f7a8a5c3925
workflow:
    workflowVersion: 1.0.0
    speakeasyVersion: latest
    sources:
        my-source:
            inputs:
                - location: registry.speakeasyapi.dev/hathora/hathora/my-source:main
            registry:
                location: registry.speakeasyapi.dev/hathora/hathora/my-source
    targets:
        hathora-cloud:
            target: go
            source: my-source
            output: hathoracloud
            codeSamples:
                registry:
                    location: registry.speakeasyapi.dev/hathora/hathora/my-source-go-code-samples
