speakeasyVersion: 1.606.3
sources:
    HathoraCloud-OAS:
        sourceNamespace: my-source
        sourceRevisionDigest: sha256:5e4e0aa0cd2a5fefcb1823ebeb9b71c71054b416b4e8f41ff37fba09b7b87bd6
        sourceBlobDigest: sha256:ea3a8b68869fbc1c7cb02fe3a71eeb6b4247f09e4ba2e86b1d187cd3b21b1ed0
        tags:
            - latest
            - 0.0.1
    my-source:
        sourceNamespace: my-source
        sourceRevisionDigest: sha256:577401c910d4e5966fd680144e0ef3d38620dee02ce6a7cc70bd64ee90d0dcaa
        sourceBlobDigest: sha256:7037c4a3cfad22d533120b46da9b211a5f42427f8b70e36998095e3bf84b6bb1
        tags:
            - latest
            - speakeasy-sdk-regen-1755907411
targets:
    hathora-cloud:
        source: my-source
        sourceNamespace: my-source
        sourceRevisionDigest: sha256:577401c910d4e5966fd680144e0ef3d38620dee02ce6a7cc70bd64ee90d0dcaa
        sourceBlobDigest: sha256:7037c4a3cfad22d533120b46da9b211a5f42427f8b70e36998095e3bf84b6bb1
        codeSamplesNamespace: my-source-go-code-samples
        codeSamplesRevisionDigest: sha256:c90bcb802034cdad345f163286242db7587ff98c0d13a75e1205cf29a832809b
workflow:
    workflowVersion: 1.0.0
    speakeasyVersion: latest
    sources:
        my-source:
            inputs:
                - location: registry.speakeasyapi.dev/hathora/hathora/my-source:main
            registry:
                location: registry.speakeasyapi.dev/hathora/hathora/my-source
    targets:
        hathora-cloud:
            target: go
            source: my-source
            output: hathoracloud
            codeSamples:
                registry:
                    location: registry.speakeasyapi.dev/hathora/hathora/my-source-go-code-samples
